// !$*UTF8*$!
{
	archiveVersion = 1;
	classes = {
	};
	objectVersion = 46;
	objects = {

/* Begin PBXBuildFile section */
		C70905EB1A4069A10095E1E3 /* AppDelegate.swift in Sources */ = {isa = PBXBuildFile; fileRef = C70905EA1A4069A10095E1E3 /* AppDelegate.swift */; };
		C70905ED1A4069A10095E1E3 /* ViewController.swift in Sources */ = {isa = PBXBuildFile; fileRef = C70905EC1A4069A10095E1E3 /* ViewController.swift */; };
		C70905F01A4069A10095E1E3 /* Main.storyboard in Resources */ = {isa = PBXBuildFile; fileRef = C70905EE1A4069A10095E1E3 /* Main.storyboard */; };
		C70905F21A4069A10095E1E3 /* Images.xcassets in Resources */ = {isa = PBXBuildFile; fileRef = C70905F11A4069A10095E1E3 /* Images.xcassets */; };
		C70905F51A4069A10095E1E3 /* LaunchScreen.xib in Resources */ = {isa = PBXBuildFile; fileRef = C70905F31A4069A10095E1E3 /* LaunchScreen.xib */; };
		C70906011A4069A10095E1E3 /* ZenWeatherTests.swift in Sources */ = {isa = PBXBuildFile; fileRef = C70906001A4069A10095E1E3 /* ZenWeatherTests.swift */; };
/* End PBXBuildFile section */

/* Begin PBXContainerItemProxy section */
		C70905FB1A4069A10095E1E3 /* PBXContainerItemProxy */ = {
			isa = PBXContainerItemProxy;
			containerPortal = C70905DD1A4069A10095E1E3 /* Project object */;
			proxyType = 1;
			remoteGlobalIDString = C70905E41A4069A10095E1E3;
			remoteInfo = ZenWeather;
		};
/* End PBXContainerItemProxy section */

/* Begin PBXFileReference section */
		C70905E51A4069A10095E1E3 /* ZenWeather.app */ = {isa = PBXFileReference; explicitFileType = wrapper.application; includeInIndex = 0; path = ZenWeather.app; sourceTree = BUILT_PRODUCTS_DIR; };
		C70905E91A4069A10095E1E3 /* Info.plist */ = {isa = PBXFileReference; lastKnownFileType = text.plist.xml; path = Info.plist; sourceTree = "<group>"; };
		C70905EA1A4069A10095E1E3 /* AppDelegate.swift */ = {isa = PBXFileReference; lastKnownFileType = sourcecode.swift; path = AppDelegate.swift; sourceTree = "<group>"; };
		C70905EC1A4069A10095E1E3 /* ViewController.swift */ = {isa = PBXFileReference; lastKnownFileType = sourcecode.swift; path = ViewController.swift; sourceTree = "<group>"; };
		C70905EF1A4069A10095E1E3 /* Base */ = {isa = PBXFileReference; lastKnownFileType = file.storyboard; name = Base; path = Base.lproj/Main.storyboard; sourceTree = "<group>"; };
		C70905F11A4069A10095E1E3 /* Images.xcassets */ = {isa = PBXFileReference; lastKnownFileType = folder.assetcatalog; path = Images.xcassets; sourceTree = "<group>"; };
		C70905F41A4069A10095E1E3 /* Base */ = {isa = PBXFileReference; lastKnownFileType = file.xib; name = Base; path = Base.lproj/LaunchScreen.xib; sourceTree = "<group>"; };
		C70905FA1A4069A10095E1E3 /* ZenWeatherTests.xctest */ = {isa = PBXFileReference; explicitFileType = wrapper.cfbundle; includeInIndex = 0; path = ZenWeatherTests.xctest; sourceTree = BUILT_PRODUCTS_DIR; };
		C70905FF1A4069A10095E1E3 /* Info.plist */ = {isa = PBXFileReference; lastKnownFileType = text.plist.xml; path = Info.plist; sourceTree = "<group>"; };
		C70906001A4069A10095E1E3 /* ZenWeatherTests.swift */ = {isa = PBXFileReference; lastKnownFileType = sourcecode.swift; path = ZenWeatherTests.swift; sourceTree = "<group>"; };
/* End PBXFileReference section */

/* Begin PBXFrameworksBuildPhase section */
		C70905E21A4069A10095E1E3 /* Frameworks */ = {
			isa = PBXFrameworksBuildPhase;
			buildActionMask = 2147483647;
			files = (
			);
			runOnlyForDeploymentPostprocessing = 0;
		};
		C70905F71A4069A10095E1E3 /* Frameworks */ = {
			isa = PBXFrameworksBuildPhase;
			buildActionMask = 2147483647;
			files = (
			);
			runOnlyForDeploymentPostprocessing = 0;
		};
/* End PBXFrameworksBuildPhase section */

/* Begin PBXGroup section */
		C70905DC1A4069A10095E1E3 = {
			isa = PBXGroup;
			children = (
				C70905E71A4069A10095E1E3 /* ZenWeather */,
				C70905FD1A4069A10095E1E3 /* ZenWeatherTests */,
				C70905E61A4069A10095E1E3 /* Products */,
			);
			sourceTree = "<group>";
		};
		C70905E61A4069A10095E1E3 /* Products */ = {
			isa = PBXGroup;
			children = (
				C70905E51A4069A10095E1E3 /* ZenWeather.app */,
				C70905FA1A4069A10095E1E3 /* ZenWeatherTests.xctest */,
			);
			name = Products;
			sourceTree = "<group>";
		};
		C70905E71A4069A10095E1E3 /* ZenWeather */ = {
			isa = PBXGroup;
			children = (
				C70905EA1A4069A10095E1E3 /* AppDelegate.swift */,
				C70905EC1A4069A10095E1E3 /* ViewController.swift */,
				C70905EE1A4069A10095E1E3 /* Main.storyboard */,
				C70905F11A4069A10095E1E3 /* Images.xcassets */,
				C70905F31A4069A10095E1E3 /* LaunchScreen.xib */,
				C70905E81A4069A10095E1E3 /* Supporting Files */,
			);
			path = ZenWeather;
			sourceTree = "<group>";
		};
		C70905E81A4069A10095E1E3 /* Supporting Files */ = {
			isa = PBXGroup;
			children = (
				C70905E91A4069A10095E1E3 /* Info.plist */,
			);
			name = "Supporting Files";
			sourceTree = "<group>";
		};
		C70905FD1A4069A10095E1E3 /* ZenWeatherTests */ = {
			isa = PBXGroup;
			children = (
				C70906001A4069A10095E1E3 /* ZenWeatherTests.swift */,
				C70905FE1A4069A10095E1E3 /* Supporting Files */,
			);
			path = ZenWeatherTests;
			sourceTree = "<group>";
		};
		C70905FE1A4069A10095E1E3 /* Supporting Files */ = {
			isa = PBXGroup;
			children = (
				C70905FF1A4069A10095E1E3 /* Info.plist */,
			);
			name = "Supporting Files";
			sourceTree = "<group>";
		};
/* End PBXGroup section */

/* Begin PBXNativeTarget section */
		C70905E41A4069A10095E1E3 /* ZenWeather */ = {
			isa = PBXNativeTarget;
			buildConfigurationList = C70906041A4069A10095E1E3 /* Build configuration list for PBXNativeTarget "ZenWeather" */;
			buildPhases = (
				C70905E11A4069A10095E1E3 /* Sources */,
				C70905E21A4069A10095E1E3 /* Frameworks */,
				C70905E31A4069A10095E1E3 /* Resources */,
			);
			buildRules = (
			);
			dependencies = (
			);
			name = ZenWeather;
			productName = ZenWeather;
			productReference = C70905E51A4069A10095E1E3 /* ZenWeather.app */;
			productType = "com.apple.product-type.application";
		};
		C70905F91A4069A10095E1E3 /* ZenWeatherTests */ = {
			isa = PBXNativeTarget;
			buildConfigurationList = C70906071A4069A10095E1E3 /* Build configuration list for PBXNativeTarget "ZenWeatherTests" */;
			buildPhases = (
				C70905F61A4069A10095E1E3 /* Sources */,
				C70905F71A4069A10095E1E3 /* Frameworks */,
				C70905F81A4069A10095E1E3 /* Resources */,
			);
			buildRules = (
			);
			dependencies = (
				C70905FC1A4069A10095E1E3 /* PBXTargetDependency */,
			);
			name = ZenWeatherTests;
			productName = ZenWeatherTests;
			productReference = C70905FA1A4069A10095E1E3 /* ZenWeatherTests.xctest */;
			productType = "com.apple.product-type.bundle.unit-test";
		};
/* End PBXNativeTarget section */

/* Begin PBXProject section */
		C70905DD1A4069A10095E1E3 /* Project object */ = {
			isa = PBXProject;
			attributes = {
				LastUpgradeCheck = 0610;
				ORGANIZATIONNAME = imduran;
				TargetAttributes = {
					C70905E41A4069A10095E1E3 = {
						CreatedOnToolsVersion = 6.1;
					};
					C70905F91A4069A10095E1E3 = {
						CreatedOnToolsVersion = 6.1;
						TestTargetID = C70905E41A4069A10095E1E3;
					};
				};
			};
			buildConfigurationList = C70905E01A4069A10095E1E3 /* Build configuration list for PBXProject "ZenWeather" */;
			compatibilityVersion = "Xcode 3.2";
			developmentRegion = English;
			hasScannedForEncodings = 0;
			knownRegions = (
				en,
				Base,
			);
			mainGroup = C70905DC1A4069A10095E1E3;
			productRefGroup = C70905E61A4069A10095E1E3 /* Products */;
			projectDirPath = "";
			projectRoot = "";
			targets = (
				C70905E41A4069A10095E1E3 /* ZenWeather */,
				C70905F91A4069A10095E1E3 /* ZenWeatherTests */,
			);
		};
/* End PBXProject section */

/* Begin PBXResourcesBuildPhase section */
		C70905E31A4069A10095E1E3 /* Resources */ = {
			isa = PBXResourcesBuildPhase;
			buildActionMask = 2147483647;
			files = (
				C70905F01A4069A10095E1E3 /* Main.storyboard in Resources */,
				C70905F51A4069A10095E1E3 /* LaunchScreen.xib in Resources */,
				C70905F21A4069A10095E1E3 /* Images.xcassets in Resources */,
			);
			runOnlyForDeploymentPostprocessing = 0;
		};
		C70905F81A4069A10095E1E3 /* Resources */ = {
			isa = PBXResourcesBuildPhase;
			buildActionMask = 2147483647;
			files = (
			);
			runOnlyForDeploymentPostprocessing = 0;
		};
/* End PBXResourcesBuildPhase section */

/* Begin PBXSourcesBuildPhase section */
		C70905E11A4069A10095E1E3 /* Sources */ = {
			isa = PBXSourcesBuildPhase;
			buildActionMask = 2147483647;
			files = (
				C70905ED1A4069A10095E1E3 /* ViewController.swift in Sources */,
				C70905EB1A4069A10095E1E3 /* AppDelegate.swift in Sources */,
			);
			runOnlyForDeploymentPostprocessing = 0;
		};
		C70905F61A4069A10095E1E3 /* Sources */ = {
			isa = PBXSourcesBuildPhase;
			buildActionMask = 2147483647;
			files = (
				C70906011A4069A10095E1E3 /* ZenWeatherTests.swift in Sources */,
			);
			runOnlyForDeploymentPostprocessing = 0;
		};
/* End PBXSourcesBuildPhase section */

/* Begin PBXTargetDependency section */
		C70905FC1A4069A10095E1E3 /* PBXTargetDependency */ = {
			isa = PBXTargetDependency;
			target = C70905E41A4069A10095E1E3 /* ZenWeather */;
			targetProxy = C70905FB1A4069A10095E1E3 /* PBXContainerItemProxy */;
		};
/* End PBXTargetDependency section */

/* Begin PBXVariantGroup section */
		C70905EE1A4069A10095E1E3 /* Main.storyboard */ = {
			isa = PBXVariantGroup;
			children = (
				C70905EF1A4069A10095E1E3 /* Base */,
			);
			name = Main.storyboard;
			sourceTree = "<group>";
		};
		C70905F31A4069A10095E1E3 /* LaunchScreen.xib */ = {
			isa = PBXVariantGroup;
			children = (
				C70905F41A4069A10095E1E3 /* Base */,
			);
			name = LaunchScreen.xib;
			sourceTree = "<group>";
		};
/* End PBXVariantGroup section */

/* Begin XCBuildConfiguration section */
		C70906021A4069A10095E1E3 /* Debug */ = {
			isa = XCBuildConfiguration;
			buildSettings = {
				ALWAYS_SEARCH_USER_PATHS = NO;
				CLANG_CXX_LANGUAGE_STANDARD = "gnu++0x";
				CLANG_CXX_LIBRARY = "libc++";
				CLANG_ENABLE_MODULES = YES;
				CLANG_ENABLE_OBJC_ARC = YES;
				CLANG_WARN_BOOL_CONVERSION = YES;
				CLANG_WARN_CONSTANT_CONVERSION = YES;
				CLANG_WARN_DIRECT_OBJC_ISA_USAGE = YES_ERROR;
				CLANG_WARN_EMPTY_BODY = YES;
				CLANG_WARN_ENUM_CONVERSION = YES;
				CLANG_WARN_INT_CONVERSION = YES;
				CLANG_WARN_OBJC_ROOT_CLASS = YES_ERROR;
				CLANG_WARN_UNREACHABLE_CODE = YES;
				CLANG_WARN__DUPLICATE_METHOD_MATCH = YES;
				"CODE_SIGN_IDENTITY[sdk=iphoneos*]" = "iPhone Developer";
				COPY_PHASE_STRIP = NO;
				ENABLE_STRICT_OBJC_MSGSEND = YES;
				GCC_C_LANGUAGE_STANDARD = gnu99;
				GCC_DYNAMIC_NO_PIC = NO;
				GCC_OPTIMIZATION_LEVEL = 0;
				GCC_PREPROCESSOR_DEFINITIONS = (
					"DEBUG=1",
					"$(inherited)",
				);
				GCC_SYMBOLS_PRIVATE_EXTERN = NO;
				GCC_WARN_64_TO_32_BIT_CONVERSION = YES;
				GCC_WARN_ABOUT_RETURN_TYPE = YES_ERROR;
				GCC_WARN_UNDECLARED_SELECTOR = YES;
				GCC_WARN_UNINITIALIZED_AUTOS = YES_AGGRESSIVE;
				GCC_WARN_UNUSED_FUNCTION = YES;
				GCC_WARN_UNUSED_VARIABLE = YES;
				IPHONEOS_DEPLOYMENT_TARGET = 8.1;
				MTL_ENABLE_DEBUG_INFO = YES;
				ONLY_ACTIVE_ARCH = YES;
				SDKROOT = iphoneos;
				SWIFT_OPTIMIZATION_LEVEL = "-Onone";
			};
			name = Debug;
		};
		C70906031A4069A10095E1E3 /* Release */ = {
			isa = XCBuildConfiguration;
			buildSettings = {
				ALWAYS_SEARCH_USER_PATHS = NO;
				CLANG_CXX_LANGUAGE_STANDARD = "gnu++0x";
				CLANG_CXX_LIBRARY = "libc++";
				CLANG_ENABLE_MODULES = YES;
				CLANG_ENABLE_OBJC_ARC = YES;
				CLANG_WARN_BOOL_CONVERSION = YES;
				CLANG_WARN_CONSTANT_CONVERSION = YES;
				CLANG_WARN_DIRECT_OBJC_ISA_USAGE = YES_ERROR;
				CLANG_WARN_EMPTY_BODY = YES;
				CLANG_WARN_ENUM_CONVERSION = YES;
				CLANG_WARN_INT_CONVERSION = YES;
				CLANG_WARN_OBJC_ROOT_CLASS = YES_ERROR;
				CLANG_WARN_UNREACHABLE_CODE = YES;
				CLANG_WARN__DUPLICATE_METHOD_MATCH = YES;
				"CODE_SIGN_IDENTITY[sdk=iphoneos*]" = "iPhone Developer";
				COPY_PHASE_STRIP = YES;
				ENABLE_NS_ASSERTIONS = NO;
				ENABLE_STRICT_OBJC_MSGSEND = YES;
				GCC_C_LANGUAGE_STANDARD = gnu99;
				GCC_WARN_64_TO_32_BIT_CONVERSION = YES;
				GCC_WARN_ABOUT_RETURN_TYPE = YES_ERROR;
				GCC_WARN_UNDECLARED_SELECTOR = YES;
				GCC_WARN_UNINITIALIZED_AUTOS = YES_AGGRESSIVE;
				GCC_WARN_UNUSED_FUNCTION = YES;
				GCC_WARN_UNUSED_VARIABLE = YES;
				IPHONEOS_DEPLOYMENT_TARGET = 8.1;
				MTL_ENABLE_DEBUG_INFO = NO;
				SDKROOT = iphoneos;
				VALIDATE_PRODUCT = YES;
			};
			name = Release;
		};
		C70906051A4069A10095E1E3 /* Debug */ = {
			isa = XCBuildConfiguration;
			buildSettings = {
				ASSETCATALOG_COMPILER_APPICON_NAME = AppIcon;
				INFOPLIST_FILE = ZenWeather/Info.plist;
				LD_RUNPATH_SEARCH_PATHS = "$(inherited) @executable_path/Frameworks";
				PRODUCT_NAME = "$(TARGET_NAME)";
			};
			name = Debug;
		};
		C70906061A4069A10095E1E3 /* Release */ = {
			isa = XCBuildConfiguration;
			buildSettings = {
				ASSETCATALOG_COMPILER_APPICON_NAME = AppIcon;
				INFOPLIST_FILE = ZenWeather/Info.plist;
				LD_RUNPATH_SEARCH_PATHS = "$(inherited) @executable_path/Frameworks";
				PRODUCT_NAME = "$(TARGET_NAME)";
			};
			name = Release;
		};
		C70906081A4069A10095E1E3 /* Debug */ = {
			isa = XCBuildConfiguration;
			buildSettings = {
				BUNDLE_LOADER = "$(TEST_HOST)";
				FRAMEWORK_SEARCH_PATHS = (
					"$(SDKROOT)/Developer/Library/Frameworks",
					"$(inherited)",
				);
				GCC_PREPROCESSOR_DEFINITIONS = (
					"DEBUG=1",
					"$(inherited)",
				);
				INFOPLIST_FILE = ZenWeatherTests/Info.plist;
				LD_RUNPATH_SEARCH_PATHS = "$(inherited) @executable_path/Frameworks @loader_path/Frameworks";
				PRODUCT_NAME = "$(TARGET_NAME)";
				TEST_HOST = "$(BUILT_PRODUCTS_DIR)/ZenWeather.app/ZenWeather";
			};
			name = Debug;
		};
		C70906091A4069A10095E1E3 /* Release */ = {
			isa = XCBuildConfiguration;
			buildSettings = {
				BUNDLE_LOADER = "$(TEST_HOST)";
				FRAMEWORK_SEARCH_PATHS = (
					"$(SDKROOT)/Developer/Library/Frameworks",
					"$(inherited)",
				);
				INFOPLIST_FILE = ZenWeatherTests/Info.plist;
				LD_RUNPATH_SEARCH_PATHS = "$(inherited) @executable_path/Frameworks @loader_path/Frameworks";
				PRODUCT_NAME = "$(TARGET_NAME)";
				TEST_HOST = "$(BUILT_PRODUCTS_DIR)/ZenWeather.app/ZenWeather";
			};
			name = Release;
		};
/* End XCBuildConfiguration section */

/* Begin XCConfigurationList section */
		C70905E01A4069A10095E1E3 /* Build configuration list for PBXProject "ZenWeather" */ = {
			isa = XCConfigurationList;
			buildConfigurations = (
				C70906021A4069A10095E1E3 /* Debug */,
				C70906031A4069A10095E1E3 /* Release */,
			);
			defaultConfigurationIsVisible = 0;
			defaultConfigurationName = Release;
		};
		C70906041A4069A10095E1E3 /* Build configuration list for PBXNativeTarget "ZenWeather" */ = {
			isa = XCConfigurationList;
			buildConfigurations = (
				C70906051A4069A10095E1E3 /* Debug */,
				C70906061A4069A10095E1E3 /* Release */,
			);
			defaultConfigurationIsVisible = 0;
		};
		C70906071A4069A10095E1E3 /* Build configuration list for PBXNativeTarget "ZenWeatherTests" */ = {
			isa = XCConfigurationList;
			buildConfigurations = (
				C70906081A4069A10095E1E3 /* Debug */,
				C70906091A4069A10095E1E3 /* Release */,
			);
			defaultConfigurationIsVisible = 0;
		};
/* End XCConfigurationList section */
	};
	rootObject = C70905DD1A4069A10095E1E3 /* Project object */;
}
